// !$*UTF8*$!
{
	archiveVersion = 1;
	classes = {
	};
	objectVersion = 46;
	objects = {

/* Begin PBXBuildFile section */
		6556B1A01EE063D400468A0A /* AppDelegate.swift in Sources */ = {isa = PBXBuildFile; fileRef = 6556B19F1EE063D400468A0A /* AppDelegate.swift */; };
		6556B1A21EE063D400468A0A /* Assets.xcassets in Resources */ = {isa = PBXBuildFile; fileRef = 6556B1A11EE063D400468A0A /* Assets.xcassets */; };
		6556B1A51EE063D400468A0A /* MainMenu.xib in Resources */ = {isa = PBXBuildFile; fileRef = 6556B1A31EE063D400468A0A /* MainMenu.xib */; };
		6556B2141EE0688900468A0A /* Pilot.framework in Frameworks */ = {isa = PBXBuildFile; fileRef = 6556B1B81EE065D300468A0A /* Pilot.framework */; };
		6556B2151EE0688900468A0A /* PilotUI.framework in Frameworks */ = {isa = PBXBuildFile; fileRef = 6556B1C41EE065D300468A0A /* PilotUI.framework */; };
		6556B2161EE0688900468A0A /* RxCocoa.framework in Frameworks */ = {isa = PBXBuildFile; fileRef = 6556B1EC1EE0685000468A0A /* RxCocoa.framework */; };
		6556B2171EE0688900468A0A /* RxSwift.framework in Frameworks */ = {isa = PBXBuildFile; fileRef = 6556B1E41EE0685000468A0A /* RxSwift.framework */; };
		6556B2191EE068C400468A0A /* RxSwift.framework in Copy Frameworks */ = {isa = PBXBuildFile; fileRef = 6556B1E41EE0685000468A0A /* RxSwift.framework */; settings = {ATTRIBUTES = (CodeSignOnCopy, RemoveHeadersOnCopy, ); }; };
		6556B21A1EE068C400468A0A /* RxCocoa.framework in Copy Frameworks */ = {isa = PBXBuildFile; fileRef = 6556B1EC1EE0685000468A0A /* RxCocoa.framework */; settings = {ATTRIBUTES = (CodeSignOnCopy, RemoveHeadersOnCopy, ); }; };
		6556B21D1EE068D400468A0A /* Pilot.framework in Copy Frameworks */ = {isa = PBXBuildFile; fileRef = 6556B1B81EE065D300468A0A /* Pilot.framework */; settings = {ATTRIBUTES = (CodeSignOnCopy, RemoveHeadersOnCopy, ); }; };
		6556B21E1EE068D400468A0A /* PilotUI.framework in Copy Frameworks */ = {isa = PBXBuildFile; fileRef = 6556B1C41EE065D300468A0A /* PilotUI.framework */; settings = {ATTRIBUTES = (CodeSignOnCopy, RemoveHeadersOnCopy, ); }; };
/* End PBXBuildFile section */

/* Begin PBXContainerItemProxy section */
		6556B1B71EE065D300468A0A /* PBXContainerItemProxy */ = {
			isa = PBXContainerItemProxy;
			containerPortal = 6556B1AC1EE065D300468A0A /* Pilot.xcodeproj */;
			proxyType = 2;
			remoteGlobalIDString = 696534871D17100900DF97CB;
			remoteInfo = "Pilot macOS";
		};
		6556B1B91EE065D300468A0A /* PBXContainerItemProxy */ = {
			isa = PBXContainerItemProxy;
			containerPortal = 6556B1AC1EE065D300468A0A /* Pilot.xcodeproj */;
			proxyType = 2;
			remoteGlobalIDString = 693F04C51D22E1CA00CAE010;
			remoteInfo = "PilotTests macOS";
		};
		6556B1BB1EE065D300468A0A /* PBXContainerItemProxy */ = {
			isa = PBXContainerItemProxy;
			containerPortal = 6556B1AC1EE065D300468A0A /* Pilot.xcodeproj */;
			proxyType = 2;
			remoteGlobalIDString = 69048A041C46FF23000CE840;
			remoteInfo = "Pilot iOS";
		};
		6556B1BD1EE065D300468A0A /* PBXContainerItemProxy */ = {
			isa = PBXContainerItemProxy;
			containerPortal = 6556B1AC1EE065D300468A0A /* Pilot.xcodeproj */;
			proxyType = 2;
			remoteGlobalIDString = 69048A0E1C46FF23000CE840;
			remoteInfo = "PilotTests iOS";
		};
		6556B1BF1EE065D300468A0A /* PBXContainerItemProxy */ = {
			isa = PBXContainerItemProxy;
			containerPortal = 6556B1AC1EE065D300468A0A /* Pilot.xcodeproj */;
			proxyType = 2;
			remoteGlobalIDString = 69048A331C47045D000CE840;
			remoteInfo = "PilotUI iOS";
		};
		6556B1C11EE065D300468A0A /* PBXContainerItemProxy */ = {
			isa = PBXContainerItemProxy;
			containerPortal = 6556B1AC1EE065D300468A0A /* Pilot.xcodeproj */;
			proxyType = 2;
			remoteGlobalIDString = 69048A3C1C47045D000CE840;
			remoteInfo = "PilotUITests iOS";
		};
		6556B1C31EE065D300468A0A /* PBXContainerItemProxy */ = {
			isa = PBXContainerItemProxy;
			containerPortal = 6556B1AC1EE065D300468A0A /* Pilot.xcodeproj */;
			proxyType = 2;
			remoteGlobalIDString = 69FADB3F1D30518C001F2E11;
			remoteInfo = "PilotUI macOS";
		};
		6556B1C51EE065D300468A0A /* PBXContainerItemProxy */ = {
			isa = PBXContainerItemProxy;
			containerPortal = 6556B1AC1EE065D300468A0A /* Pilot.xcodeproj */;
			proxyType = 2;
			remoteGlobalIDString = 69FADB481D30518C001F2E11;
			remoteInfo = "PilotUITests macOS";
		};
		6556B1E11EE0685000468A0A /* PBXContainerItemProxy */ = {
			isa = PBXContainerItemProxy;
			containerPortal = 6556B1C91EE0684F00468A0A /* Rx.xcodeproj */;
			proxyType = 2;
			remoteGlobalIDString = C8A56AD71AD7424700B4673B;
			remoteInfo = "RxSwift-iOS";
		};
		6556B1E31EE0685000468A0A /* PBXContainerItemProxy */ = {
			isa = PBXContainerItemProxy;
			containerPortal = 6556B1C91EE0684F00468A0A /* Rx.xcodeproj */;
			proxyType = 2;
			remoteGlobalIDString = C88BB8711B07E5ED0064D411;
			remoteInfo = "RxSwift-macOS";
		};
		6556B1E51EE0685000468A0A /* PBXContainerItemProxy */ = {
			isa = PBXContainerItemProxy;
			containerPortal = 6556B1C91EE0684F00468A0A /* Rx.xcodeproj */;
			proxyType = 2;
			remoteGlobalIDString = D2EA280C1BB9B5A200880ED3;
			remoteInfo = "RxSwift-tvOS";
		};
		6556B1E71EE0685000468A0A /* PBXContainerItemProxy */ = {
			isa = PBXContainerItemProxy;
			containerPortal = 6556B1C91EE0684F00468A0A /* Rx.xcodeproj */;
			proxyType = 2;
			remoteGlobalIDString = C8F0C0021BBBFB8B001B112F;
			remoteInfo = "RxSwift-watchOS";
		};
		6556B1E91EE0685000468A0A /* PBXContainerItemProxy */ = {
			isa = PBXContainerItemProxy;
			containerPortal = 6556B1C91EE0684F00468A0A /* Rx.xcodeproj */;
			proxyType = 2;
			remoteGlobalIDString = C809396D1B8A71760088E94D;
			remoteInfo = "RxCocoa-iOS";
		};
		6556B1EB1EE0685000468A0A /* PBXContainerItemProxy */ = {
			isa = PBXContainerItemProxy;
			containerPortal = 6556B1C91EE0684F00468A0A /* Rx.xcodeproj */;
			proxyType = 2;
			remoteGlobalIDString = C80939E71B8A71840088E94D;
			remoteInfo = "RxCocoa-macOS";
		};
		6556B1ED1EE0685000468A0A /* PBXContainerItemProxy */ = {
			isa = PBXContainerItemProxy;
			containerPortal = 6556B1C91EE0684F00468A0A /* Rx.xcodeproj */;
			proxyType = 2;
			remoteGlobalIDString = D2138C751BB9BE9800339B5C;
			remoteInfo = "RxCocoa-tvOS";
		};
		6556B1EF1EE0685000468A0A /* PBXContainerItemProxy */ = {
			isa = PBXContainerItemProxy;
			containerPortal = 6556B1C91EE0684F00468A0A /* Rx.xcodeproj */;
			proxyType = 2;
			remoteGlobalIDString = C8F0C04B1BBBFBB9001B112F;
			remoteInfo = "RxCocoa-watchOS";
		};
		6556B1F11EE0685000468A0A /* PBXContainerItemProxy */ = {
			isa = PBXContainerItemProxy;
			containerPortal = 6556B1C91EE0684F00468A0A /* Rx.xcodeproj */;
			proxyType = 2;
			remoteGlobalIDString = C8093BC71B8A71F00088E94D;
			remoteInfo = "RxBlocking-iOS";
		};
		6556B1F31EE0685000468A0A /* PBXContainerItemProxy */ = {
			isa = PBXContainerItemProxy;
			containerPortal = 6556B1C91EE0684F00468A0A /* Rx.xcodeproj */;
			proxyType = 2;
			remoteGlobalIDString = C8093C451B8A71FC0088E94D;
			remoteInfo = "RxBlocking-macOS";
		};
		6556B1F51EE0685000468A0A /* PBXContainerItemProxy */ = {
			isa = PBXContainerItemProxy;
			containerPortal = 6556B1C91EE0684F00468A0A /* Rx.xcodeproj */;
			proxyType = 2;
			remoteGlobalIDString = D2EBEB811BB9B99D003A27DC;
			remoteInfo = "RxBlocking-tvOS";
		};
		6556B1F71EE0685000468A0A /* PBXContainerItemProxy */ = {
			isa = PBXContainerItemProxy;
			containerPortal = 6556B1C91EE0684F00468A0A /* Rx.xcodeproj */;
			proxyType = 2;
			remoteGlobalIDString = C8F0C0581BBBFBCE001B112F;
			remoteInfo = "RxBlocking-watchOS";
		};
		6556B1F91EE0685000468A0A /* PBXContainerItemProxy */ = {
			isa = PBXContainerItemProxy;
			containerPortal = 6556B1C91EE0684F00468A0A /* Rx.xcodeproj */;
			proxyType = 2;
			remoteGlobalIDString = C88FA50C1C25C44800CCFEA4;
			remoteInfo = "RxTest-iOS";
		};
		6556B1FB1EE0685000468A0A /* PBXContainerItemProxy */ = {
			isa = PBXContainerItemProxy;
			containerPortal = 6556B1C91EE0684F00468A0A /* Rx.xcodeproj */;
			proxyType = 2;
			remoteGlobalIDString = C88FA51D1C25C4B500CCFEA4;
			remoteInfo = "RxTest-macOS";
		};
		6556B1FD1EE0685000468A0A /* PBXContainerItemProxy */ = {
			isa = PBXContainerItemProxy;
			containerPortal = 6556B1C91EE0684F00468A0A /* Rx.xcodeproj */;
			proxyType = 2;
			remoteGlobalIDString = C88FA52E1C25C4C000CCFEA4;
			remoteInfo = "RxTest-tvOS";
		};
		6556B1FF1EE0685000468A0A /* PBXContainerItemProxy */ = {
			isa = PBXContainerItemProxy;
			containerPortal = 6556B1C91EE0684F00468A0A /* Rx.xcodeproj */;
			proxyType = 2;
			remoteGlobalIDString = C88FA53F1C25C4CC00CCFEA4;
			remoteInfo = "RxTest-watchOS";
		};
		6556B2011EE0685000468A0A /* PBXContainerItemProxy */ = {
			isa = PBXContainerItemProxy;
			containerPortal = 6556B1C91EE0684F00468A0A /* Rx.xcodeproj */;
			proxyType = 2;
			remoteGlobalIDString = C83508C31C386F6F0027C24C;
			remoteInfo = "AllTests-iOS";
		};
		6556B2031EE0685000468A0A /* PBXContainerItemProxy */ = {
			isa = PBXContainerItemProxy;
			containerPortal = 6556B1C91EE0684F00468A0A /* Rx.xcodeproj */;
			proxyType = 2;
			remoteGlobalIDString = C83509841C38740E0027C24C;
			remoteInfo = "AllTests-tvOS";
		};
		6556B2051EE0685000468A0A /* PBXContainerItemProxy */ = {
			isa = PBXContainerItemProxy;
			containerPortal = 6556B1C91EE0684F00468A0A /* Rx.xcodeproj */;
			proxyType = 2;
			remoteGlobalIDString = C83509941C38742C0027C24C;
			remoteInfo = "AllTests-macOS";
		};
		6556B2071EE0685000468A0A /* PBXContainerItemProxy */ = {
			isa = PBXContainerItemProxy;
			containerPortal = 6556B1C91EE0684F00468A0A /* Rx.xcodeproj */;
			proxyType = 2;
			remoteGlobalIDString = C85BA04B1C3878740075D68E;
			remoteInfo = Microoptimizations;
		};
		6556B2091EE0685000468A0A /* PBXContainerItemProxy */ = {
			isa = PBXContainerItemProxy;
			containerPortal = 6556B1C91EE0684F00468A0A /* Rx.xcodeproj */;
			proxyType = 2;
			remoteGlobalIDString = C8E8BA551E2C181A00A4AC2C;
			remoteInfo = Benchmarks;
		};
		6556B20C1EE0687000468A0A /* PBXContainerItemProxy */ = {
			isa = PBXContainerItemProxy;
			containerPortal = 6556B1C91EE0684F00468A0A /* Rx.xcodeproj */;
			proxyType = 1;
			remoteGlobalIDString = C88BB81A1B07E5ED0064D411;
			remoteInfo = "RxSwift-macOS";
		};
		6556B20E1EE0687000468A0A /* PBXContainerItemProxy */ = {
			isa = PBXContainerItemProxy;
			containerPortal = 6556B1C91EE0684F00468A0A /* Rx.xcodeproj */;
			proxyType = 1;
			remoteGlobalIDString = C809396F1B8A71840088E94D;
			remoteInfo = "RxCocoa-macOS";
		};
		6556B2101EE0687A00468A0A /* PBXContainerItemProxy */ = {
			isa = PBXContainerItemProxy;
			containerPortal = 6556B1AC1EE065D300468A0A /* Pilot.xcodeproj */;
			proxyType = 1;
			remoteGlobalIDString = 696534861D17100900DF97CB;
			remoteInfo = "Pilot macOS";
		};
		6556B2121EE0687A00468A0A /* PBXContainerItemProxy */ = {
			isa = PBXContainerItemProxy;
			containerPortal = 6556B1AC1EE065D300468A0A /* Pilot.xcodeproj */;
			proxyType = 1;
			remoteGlobalIDString = 69FADB3E1D30518C001F2E11;
			remoteInfo = "PilotUI macOS";
		};
/* End PBXContainerItemProxy section */

/* Begin PBXCopyFilesBuildPhase section */
		6556B2181EE0688E00468A0A /* Copy Frameworks */ = {
			isa = PBXCopyFilesBuildPhase;
			buildActionMask = 2147483647;
			dstPath = "";
			dstSubfolderSpec = 10;
			files = (
				6556B21D1EE068D400468A0A /* Pilot.framework in Copy Frameworks */,
				6556B21E1EE068D400468A0A /* PilotUI.framework in Copy Frameworks */,
				6556B2191EE068C400468A0A /* RxSwift.framework in Copy Frameworks */,
				6556B21A1EE068C400468A0A /* RxCocoa.framework in Copy Frameworks */,
			);
			name = "Copy Frameworks";
			runOnlyForDeploymentPostprocessing = 0;
		};
/* End PBXCopyFilesBuildPhase section */

/* Begin PBXFileReference section */
		6556B19C1EE063D400468A0A /* Paste.app */ = {isa = PBXFileReference; explicitFileType = wrapper.application; includeInIndex = 0; path = Paste.app; sourceTree = BUILT_PRODUCTS_DIR; };
		6556B19F1EE063D400468A0A /* AppDelegate.swift */ = {isa = PBXFileReference; lastKnownFileType = sourcecode.swift; path = AppDelegate.swift; sourceTree = "<group>"; };
		6556B1A11EE063D400468A0A /* Assets.xcassets */ = {isa = PBXFileReference; lastKnownFileType = folder.assetcatalog; path = Assets.xcassets; sourceTree = "<group>"; };
		6556B1A41EE063D400468A0A /* Base */ = {isa = PBXFileReference; lastKnownFileType = file.xib; name = Base; path = Base.lproj/MainMenu.xib; sourceTree = "<group>"; };
		6556B1A61EE063D400468A0A /* Info.plist */ = {isa = PBXFileReference; lastKnownFileType = text.plist.xml; path = Info.plist; sourceTree = "<group>"; };
		6556B1AC1EE065D300468A0A /* Pilot.xcodeproj */ = {isa = PBXFileReference; lastKnownFileType = "wrapper.pb-project"; name = Pilot.xcodeproj; path = pilot/Pilot.xcodeproj; sourceTree = "<group>"; };
		6556B1C91EE0684F00468A0A /* Rx.xcodeproj */ = {isa = PBXFileReference; lastKnownFileType = "wrapper.pb-project"; name = Rx.xcodeproj; path = RxSwift/Rx.xcodeproj; sourceTree = "<group>"; };
/* End PBXFileReference section */

/* Begin PBXFrameworksBuildPhase section */
		6556B1991EE063D400468A0A /* Frameworks */ = {
			isa = PBXFrameworksBuildPhase;
			buildActionMask = 2147483647;
			files = (
				6556B2141EE0688900468A0A /* Pilot.framework in Frameworks */,
				6556B2151EE0688900468A0A /* PilotUI.framework in Frameworks */,
				6556B2161EE0688900468A0A /* RxCocoa.framework in Frameworks */,
				6556B2171EE0688900468A0A /* RxSwift.framework in Frameworks */,
			);
			runOnlyForDeploymentPostprocessing = 0;
		};
/* End PBXFrameworksBuildPhase section */

/* Begin PBXGroup section */
		6556B1931EE063D400468A0A = {
			isa = PBXGroup;
			children = (
				6556B20B1EE0685600468A0A /* RxSwift */,
				6556B19E1EE063D400468A0A /* Paste */,
				6556B1C81EE065DF00468A0A /* Pilot */,
				6556B19D1EE063D400468A0A /* Products */,
			);
			sourceTree = "<group>";
		};
		6556B19D1EE063D400468A0A /* Products */ = {
			isa = PBXGroup;
			children = (
				6556B19C1EE063D400468A0A /* Paste.app */,
			);
			name = Products;
			sourceTree = "<group>";
		};
		6556B19E1EE063D400468A0A /* Paste */ = {
			isa = PBXGroup;
			children = (
				6556B19F1EE063D400468A0A /* AppDelegate.swift */,
				6556B1A11EE063D400468A0A /* Assets.xcassets */,
				6556B1A31EE063D400468A0A /* MainMenu.xib */,
				6556B1A61EE063D400468A0A /* Info.plist */,
			);
			path = Paste;
			sourceTree = "<group>";
		};
		6556B1AD1EE065D300468A0A /* Products */ = {
			isa = PBXGroup;
			children = (
				6556B1B81EE065D300468A0A /* Pilot.framework */,
				6556B1BA1EE065D300468A0A /* PilotTests macOS.xctest */,
				6556B1BC1EE065D300468A0A /* Pilot.framework */,
				6556B1BE1EE065D300468A0A /* PilotTests iOS.xctest */,
				6556B1C01EE065D300468A0A /* PilotUI.framework */,
				6556B1C21EE065D300468A0A /* PilotUITests iOS.xctest */,
				6556B1C41EE065D300468A0A /* PilotUI.framework */,
				6556B1C61EE065D300468A0A /* PilotUITests macOS.xctest */,
			);
			name = Products;
			sourceTree = "<group>";
		};
		6556B1C81EE065DF00468A0A /* Pilot */ = {
			isa = PBXGroup;
			children = (
				6556B1AC1EE065D300468A0A /* Pilot.xcodeproj */,
			);
			name = Pilot;
			sourceTree = "<group>";
		};
		6556B1CA1EE0684F00468A0A /* Products */ = {
			isa = PBXGroup;
			children = (
				6556B1E21EE0685000468A0A /* RxSwift.framework */,
				6556B1E41EE0685000468A0A /* RxSwift.framework */,
				6556B1E61EE0685000468A0A /* RxSwift.framework */,
				6556B1E81EE0685000468A0A /* RxSwift.framework */,
				6556B1EA1EE0685000468A0A /* RxCocoa.framework */,
				6556B1EC1EE0685000468A0A /* RxCocoa.framework */,
				6556B1EE1EE0685000468A0A /* RxCocoa.framework */,
				6556B1F01EE0685000468A0A /* RxCocoa.framework */,
				6556B1F21EE0685000468A0A /* RxBlocking.framework */,
				6556B1F41EE0685000468A0A /* RxBlocking.framework */,
				6556B1F61EE0685000468A0A /* RxBlocking.framework */,
				6556B1F81EE0685000468A0A /* RxBlocking.framework */,
				6556B1FA1EE0685000468A0A /* RxTest.framework */,
				6556B1FC1EE0685000468A0A /* RxTest.framework */,
				6556B1FE1EE0685000468A0A /* RxTest.framework */,
				6556B2001EE0685000468A0A /* RxTest.framework */,
				6556B2021EE0685000468A0A /* AllTests-iOS.xctest */,
				6556B2041EE0685000468A0A /* AllTests-tvOS.xctest */,
				6556B2061EE0685000468A0A /* AllTests-macOS.xctest */,
				6556B2081EE0685000468A0A /* PerformanceTests.app */,
				6556B20A1EE0685000468A0A /* Benchmarks.xctest */,
			);
			name = Products;
			sourceTree = "<group>";
		};
		6556B20B1EE0685600468A0A /* RxSwift */ = {
			isa = PBXGroup;
			children = (
				6556B1C91EE0684F00468A0A /* Rx.xcodeproj */,
			);
			name = RxSwift;
			sourceTree = "<group>";
		};
/* End PBXGroup section */

/* Begin PBXNativeTarget section */
		6556B19B1EE063D400468A0A /* Paste */ = {
			isa = PBXNativeTarget;
			buildConfigurationList = 6556B1A91EE063D400468A0A /* Build configuration list for PBXNativeTarget "Paste" */;
			buildPhases = (
				6556B1981EE063D400468A0A /* Sources */,
				6556B1991EE063D400468A0A /* Frameworks */,
				6556B19A1EE063D400468A0A /* Resources */,
				6556B2181EE0688E00468A0A /* Copy Frameworks */,
			);
			buildRules = (
			);
			dependencies = (
				6556B2111EE0687A00468A0A /* PBXTargetDependency */,
				6556B2131EE0687A00468A0A /* PBXTargetDependency */,
				6556B20D1EE0687000468A0A /* PBXTargetDependency */,
				6556B20F1EE0687000468A0A /* PBXTargetDependency */,
			);
			name = Paste;
			productName = Paste;
			productReference = 6556B19C1EE063D400468A0A /* Paste.app */;
			productType = "com.apple.product-type.application";
		};
/* End PBXNativeTarget section */

/* Begin PBXProject section */
		6556B1941EE063D400468A0A /* Project object */ = {
			isa = PBXProject;
			attributes = {
				LastSwiftUpdateCheck = 0820;
				LastUpgradeCheck = 0820;
				ORGANIZATIONNAME = "Daniel Hammond";
				TargetAttributes = {
					6556B19B1EE063D400468A0A = {
						CreatedOnToolsVersion = 8.2;
						DevelopmentTeam = 96XQ478DSL;
						ProvisioningStyle = Automatic;
					};
				};
			};
			buildConfigurationList = 6556B1971EE063D400468A0A /* Build configuration list for PBXProject "Paste" */;
			compatibilityVersion = "Xcode 3.2";
			developmentRegion = English;
			hasScannedForEncodings = 0;
			knownRegions = (
				en,
				Base,
			);
			mainGroup = 6556B1931EE063D400468A0A;
			productRefGroup = 6556B19D1EE063D400468A0A /* Products */;
			projectDirPath = "";
			projectReferences = (
				{
					ProductGroup = 6556B1AD1EE065D300468A0A /* Products */;
					ProjectRef = 6556B1AC1EE065D300468A0A /* Pilot.xcodeproj */;
				},
				{
					ProductGroup = 6556B1CA1EE0684F00468A0A /* Products */;
					ProjectRef = 6556B1C91EE0684F00468A0A /* Rx.xcodeproj */;
				},
			);
			projectRoot = "";
			targets = (
				6556B19B1EE063D400468A0A /* Paste */,
			);
		};
/* End PBXProject section */

/* Begin PBXReferenceProxy section */
		6556B1B81EE065D300468A0A /* Pilot.framework */ = {
			isa = PBXReferenceProxy;
			fileType = wrapper.framework;
			path = Pilot.framework;
			remoteRef = 6556B1B71EE065D300468A0A /* PBXContainerItemProxy */;
			sourceTree = BUILT_PRODUCTS_DIR;
		};
		6556B1BA1EE065D300468A0A /* PilotTests macOS.xctest */ = {
			isa = PBXReferenceProxy;
			fileType = wrapper.cfbundle;
			path = "PilotTests macOS.xctest";
			remoteRef = 6556B1B91EE065D300468A0A /* PBXContainerItemProxy */;
			sourceTree = BUILT_PRODUCTS_DIR;
		};
		6556B1BC1EE065D300468A0A /* Pilot.framework */ = {
			isa = PBXReferenceProxy;
			fileType = wrapper.framework;
			path = Pilot.framework;
			remoteRef = 6556B1BB1EE065D300468A0A /* PBXContainerItemProxy */;
			sourceTree = BUILT_PRODUCTS_DIR;
		};
		6556B1BE1EE065D300468A0A /* PilotTests iOS.xctest */ = {
			isa = PBXReferenceProxy;
			fileType = wrapper.cfbundle;
			path = "PilotTests iOS.xctest";
			remoteRef = 6556B1BD1EE065D300468A0A /* PBXContainerItemProxy */;
			sourceTree = BUILT_PRODUCTS_DIR;
		};
		6556B1C01EE065D300468A0A /* PilotUI.framework */ = {
			isa = PBXReferenceProxy;
			fileType = wrapper.framework;
			path = PilotUI.framework;
			remoteRef = 6556B1BF1EE065D300468A0A /* PBXContainerItemProxy */;
			sourceTree = BUILT_PRODUCTS_DIR;
		};
		6556B1C21EE065D300468A0A /* PilotUITests iOS.xctest */ = {
			isa = PBXReferenceProxy;
			fileType = wrapper.cfbundle;
			path = "PilotUITests iOS.xctest";
			remoteRef = 6556B1C11EE065D300468A0A /* PBXContainerItemProxy */;
			sourceTree = BUILT_PRODUCTS_DIR;
		};
		6556B1C41EE065D300468A0A /* PilotUI.framework */ = {
			isa = PBXReferenceProxy;
			fileType = wrapper.framework;
			path = PilotUI.framework;
			remoteRef = 6556B1C31EE065D300468A0A /* PBXContainerItemProxy */;
			sourceTree = BUILT_PRODUCTS_DIR;
		};
		6556B1C61EE065D300468A0A /* PilotUITests macOS.xctest */ = {
			isa = PBXReferenceProxy;
			fileType = wrapper.cfbundle;
			path = "PilotUITests macOS.xctest";
			remoteRef = 6556B1C51EE065D300468A0A /* PBXContainerItemProxy */;
			sourceTree = BUILT_PRODUCTS_DIR;
		};
		6556B1E21EE0685000468A0A /* RxSwift.framework */ = {
			isa = PBXReferenceProxy;
			fileType = wrapper.framework;
			path = RxSwift.framework;
			remoteRef = 6556B1E11EE0685000468A0A /* PBXContainerItemProxy */;
			sourceTree = BUILT_PRODUCTS_DIR;
		};
		6556B1E41EE0685000468A0A /* RxSwift.framework */ = {
			isa = PBXReferenceProxy;
			fileType = wrapper.framework;
			path = RxSwift.framework;
			remoteRef = 6556B1E31EE0685000468A0A /* PBXContainerItemProxy */;
			sourceTree = BUILT_PRODUCTS_DIR;
		};
		6556B1E61EE0685000468A0A /* RxSwift.framework */ = {
			isa = PBXReferenceProxy;
			fileType = wrapper.framework;
			path = RxSwift.framework;
			remoteRef = 6556B1E51EE0685000468A0A /* PBXContainerItemProxy */;
			sourceTree = BUILT_PRODUCTS_DIR;
		};
		6556B1E81EE0685000468A0A /* RxSwift.framework */ = {
			isa = PBXReferenceProxy;
			fileType = wrapper.framework;
			path = RxSwift.framework;
			remoteRef = 6556B1E71EE0685000468A0A /* PBXContainerItemProxy */;
			sourceTree = BUILT_PRODUCTS_DIR;
		};
		6556B1EA1EE0685000468A0A /* RxCocoa.framework */ = {
			isa = PBXReferenceProxy;
			fileType = wrapper.framework;
			path = RxCocoa.framework;
			remoteRef = 6556B1E91EE0685000468A0A /* PBXContainerItemProxy */;
			sourceTree = BUILT_PRODUCTS_DIR;
		};
		6556B1EC1EE0685000468A0A /* RxCocoa.framework */ = {
			isa = PBXReferenceProxy;
			fileType = wrapper.framework;
			path = RxCocoa.framework;
			remoteRef = 6556B1EB1EE0685000468A0A /* PBXContainerItemProxy */;
			sourceTree = BUILT_PRODUCTS_DIR;
		};
		6556B1EE1EE0685000468A0A /* RxCocoa.framework */ = {
			isa = PBXReferenceProxy;
			fileType = wrapper.framework;
			path = RxCocoa.framework;
			remoteRef = 6556B1ED1EE0685000468A0A /* PBXContainerItemProxy */;
			sourceTree = BUILT_PRODUCTS_DIR;
		};
		6556B1F01EE0685000468A0A /* RxCocoa.framework */ = {
			isa = PBXReferenceProxy;
			fileType = wrapper.framework;
			path = RxCocoa.framework;
			remoteRef = 6556B1EF1EE0685000468A0A /* PBXContainerItemProxy */;
			sourceTree = BUILT_PRODUCTS_DIR;
		};
		6556B1F21EE0685000468A0A /* RxBlocking.framework */ = {
			isa = PBXReferenceProxy;
			fileType = wrapper.framework;
			path = RxBlocking.framework;
			remoteRef = 6556B1F11EE0685000468A0A /* PBXContainerItemProxy */;
			sourceTree = BUILT_PRODUCTS_DIR;
		};
		6556B1F41EE0685000468A0A /* RxBlocking.framework */ = {
			isa = PBXReferenceProxy;
			fileType = wrapper.framework;
			path = RxBlocking.framework;
			remoteRef = 6556B1F31EE0685000468A0A /* PBXContainerItemProxy */;
			sourceTree = BUILT_PRODUCTS_DIR;
		};
		6556B1F61EE0685000468A0A /* RxBlocking.framework */ = {
			isa = PBXReferenceProxy;
			fileType = wrapper.framework;
			path = RxBlocking.framework;
			remoteRef = 6556B1F51EE0685000468A0A /* PBXContainerItemProxy */;
			sourceTree = BUILT_PRODUCTS_DIR;
		};
		6556B1F81EE0685000468A0A /* RxBlocking.framework */ = {
			isa = PBXReferenceProxy;
			fileType = wrapper.framework;
			path = RxBlocking.framework;
			remoteRef = 6556B1F71EE0685000468A0A /* PBXContainerItemProxy */;
			sourceTree = BUILT_PRODUCTS_DIR;
		};
		6556B1FA1EE0685000468A0A /* RxTest.framework */ = {
			isa = PBXReferenceProxy;
			fileType = wrapper.framework;
			path = RxTest.framework;
			remoteRef = 6556B1F91EE0685000468A0A /* PBXContainerItemProxy */;
			sourceTree = BUILT_PRODUCTS_DIR;
		};
		6556B1FC1EE0685000468A0A /* RxTest.framework */ = {
			isa = PBXReferenceProxy;
			fileType = wrapper.framework;
			path = RxTest.framework;
			remoteRef = 6556B1FB1EE0685000468A0A /* PBXContainerItemProxy */;
			sourceTree = BUILT_PRODUCTS_DIR;
		};
		6556B1FE1EE0685000468A0A /* RxTest.framework */ = {
			isa = PBXReferenceProxy;
			fileType = wrapper.framework;
			path = RxTest.framework;
			remoteRef = 6556B1FD1EE0685000468A0A /* PBXContainerItemProxy */;
			sourceTree = BUILT_PRODUCTS_DIR;
		};
		6556B2001EE0685000468A0A /* RxTest.framework */ = {
			isa = PBXReferenceProxy;
			fileType = wrapper.framework;
			path = RxTest.framework;
			remoteRef = 6556B1FF1EE0685000468A0A /* PBXContainerItemProxy */;
			sourceTree = BUILT_PRODUCTS_DIR;
		};
		6556B2021EE0685000468A0A /* AllTests-iOS.xctest */ = {
			isa = PBXReferenceProxy;
			fileType = wrapper.cfbundle;
			path = "AllTests-iOS.xctest";
			remoteRef = 6556B2011EE0685000468A0A /* PBXContainerItemProxy */;
			sourceTree = BUILT_PRODUCTS_DIR;
		};
		6556B2041EE0685000468A0A /* AllTests-tvOS.xctest */ = {
			isa = PBXReferenceProxy;
			fileType = wrapper.cfbundle;
			path = "AllTests-tvOS.xctest";
			remoteRef = 6556B2031EE0685000468A0A /* PBXContainerItemProxy */;
			sourceTree = BUILT_PRODUCTS_DIR;
		};
		6556B2061EE0685000468A0A /* AllTests-macOS.xctest */ = {
			isa = PBXReferenceProxy;
			fileType = wrapper.cfbundle;
			path = "AllTests-macOS.xctest";
			remoteRef = 6556B2051EE0685000468A0A /* PBXContainerItemProxy */;
			sourceTree = BUILT_PRODUCTS_DIR;
		};
		6556B2081EE0685000468A0A /* PerformanceTests.app */ = {
			isa = PBXReferenceProxy;
			fileType = wrapper.application;
			name = PerformanceTests.app;
			path = Microoptimizations.app;
			remoteRef = 6556B2071EE0685000468A0A /* PBXContainerItemProxy */;
			sourceTree = BUILT_PRODUCTS_DIR;
		};
		6556B20A1EE0685000468A0A /* Benchmarks.xctest */ = {
			isa = PBXReferenceProxy;
			fileType = wrapper.cfbundle;
			path = Benchmarks.xctest;
			remoteRef = 6556B2091EE0685000468A0A /* PBXContainerItemProxy */;
			sourceTree = BUILT_PRODUCTS_DIR;
		};
/* End PBXReferenceProxy section */

/* Begin PBXResourcesBuildPhase section */
		6556B19A1EE063D400468A0A /* Resources */ = {
			isa = PBXResourcesBuildPhase;
			buildActionMask = 2147483647;
			files = (
				6556B1A21EE063D400468A0A /* Assets.xcassets in Resources */,
				6556B1A51EE063D400468A0A /* MainMenu.xib in Resources */,
			);
			runOnlyForDeploymentPostprocessing = 0;
		};
/* End PBXResourcesBuildPhase section */

/* Begin PBXSourcesBuildPhase section */
		6556B1981EE063D400468A0A /* Sources */ = {
			isa = PBXSourcesBuildPhase;
			buildActionMask = 2147483647;
			files = (
				6556B1A01EE063D400468A0A /* AppDelegate.swift in Sources */,
			);
			runOnlyForDeploymentPostprocessing = 0;
		};
/* End PBXSourcesBuildPhase section */

/* Begin PBXTargetDependency section */
		6556B20D1EE0687000468A0A /* PBXTargetDependency */ = {
			isa = PBXTargetDependency;
			name = "RxSwift-macOS";
			targetProxy = 6556B20C1EE0687000468A0A /* PBXContainerItemProxy */;
		};
		6556B20F1EE0687000468A0A /* PBXTargetDependency */ = {
			isa = PBXTargetDependency;
			name = "RxCocoa-macOS";
			targetProxy = 6556B20E1EE0687000468A0A /* PBXContainerItemProxy */;
		};
		6556B2111EE0687A00468A0A /* PBXTargetDependency */ = {
			isa = PBXTargetDependency;
			name = "Pilot macOS";
			targetProxy = 6556B2101EE0687A00468A0A /* PBXContainerItemProxy */;
		};
		6556B2131EE0687A00468A0A /* PBXTargetDependency */ = {
			isa = PBXTargetDependency;
			name = "PilotUI macOS";
			targetProxy = 6556B2121EE0687A00468A0A /* PBXContainerItemProxy */;
		};
/* End PBXTargetDependency section */

/* Begin PBXVariantGroup section */
		6556B1A31EE063D400468A0A /* MainMenu.xib */ = {
			isa = PBXVariantGroup;
			children = (
				6556B1A41EE063D400468A0A /* Base */,
			);
			name = MainMenu.xib;
			sourceTree = "<group>";
		};
/* End PBXVariantGroup section */

/* Begin XCBuildConfiguration section */
		6556B1A71EE063D400468A0A /* Debug */ = {
			isa = XCBuildConfiguration;
			buildSettings = {
				ALWAYS_SEARCH_USER_PATHS = NO;
				CLANG_ANALYZER_NONNULL = YES;
				CLANG_CXX_LANGUAGE_STANDARD = "gnu++0x";
				CLANG_CXX_LIBRARY = "libc++";
				CLANG_ENABLE_MODULES = YES;
				CLANG_ENABLE_OBJC_ARC = YES;
				CLANG_WARN_BOOL_CONVERSION = YES;
				CLANG_WARN_CONSTANT_CONVERSION = YES;
				CLANG_WARN_DIRECT_OBJC_ISA_USAGE = YES_ERROR;
				CLANG_WARN_DOCUMENTATION_COMMENTS = YES;
				CLANG_WARN_EMPTY_BODY = YES;
				CLANG_WARN_ENUM_CONVERSION = YES;
				CLANG_WARN_INFINITE_RECURSION = YES;
				CLANG_WARN_INT_CONVERSION = YES;
				CLANG_WARN_OBJC_ROOT_CLASS = YES_ERROR;
				CLANG_WARN_SUSPICIOUS_MOVE = YES;
				CLANG_WARN_UNREACHABLE_CODE = YES;
				CLANG_WARN__DUPLICATE_METHOD_MATCH = YES;
				CODE_SIGN_IDENTITY = "-";
				COPY_PHASE_STRIP = NO;
				DEBUG_INFORMATION_FORMAT = dwarf;
				ENABLE_STRICT_OBJC_MSGSEND = YES;
				ENABLE_TESTABILITY = YES;
				GCC_C_LANGUAGE_STANDARD = gnu99;
				GCC_DYNAMIC_NO_PIC = NO;
				GCC_NO_COMMON_BLOCKS = YES;
				GCC_OPTIMIZATION_LEVEL = 0;
				GCC_PREPROCESSOR_DEFINITIONS = (
					"DEBUG=1",
					"$(inherited)",
				);
				GCC_WARN_64_TO_32_BIT_CONVERSION = YES;
				GCC_WARN_ABOUT_RETURN_TYPE = YES_ERROR;
				GCC_WARN_UNDECLARED_SELECTOR = YES;
				GCC_WARN_UNINITIALIZED_AUTOS = YES_AGGRESSIVE;
				GCC_WARN_UNUSED_FUNCTION = YES;
				GCC_WARN_UNUSED_VARIABLE = YES;
				MACOSX_DEPLOYMENT_TARGET = 10.12;
				MTL_ENABLE_DEBUG_INFO = YES;
				ONLY_ACTIVE_ARCH = YES;
				SDKROOT = macosx;
				SWIFT_ACTIVE_COMPILATION_CONDITIONS = DEBUG;
				SWIFT_OPTIMIZATION_LEVEL = "-Onone";
			};
			name = Debug;
		};
		6556B1A81EE063D400468A0A /* Release */ = {
			isa = XCBuildConfiguration;
			buildSettings = {
				ALWAYS_SEARCH_USER_PATHS = NO;
				CLANG_ANALYZER_NONNULL = YES;
				CLANG_CXX_LANGUAGE_STANDARD = "gnu++0x";
				CLANG_CXX_LIBRARY = "libc++";
				CLANG_ENABLE_MODULES = YES;
				CLANG_ENABLE_OBJC_ARC = YES;
				CLANG_WARN_BOOL_CONVERSION = YES;
				CLANG_WARN_CONSTANT_CONVERSION = YES;
				CLANG_WARN_DIRECT_OBJC_ISA_USAGE = YES_ERROR;
				CLANG_WARN_DOCUMENTATION_COMMENTS = YES;
				CLANG_WARN_EMPTY_BODY = YES;
				CLANG_WARN_ENUM_CONVERSION = YES;
				CLANG_WARN_INFINITE_RECURSION = YES;
				CLANG_WARN_INT_CONVERSION = YES;
				CLANG_WARN_OBJC_ROOT_CLASS = YES_ERROR;
				CLANG_WARN_SUSPICIOUS_MOVE = YES;
				CLANG_WARN_UNREACHABLE_CODE = YES;
				CLANG_WARN__DUPLICATE_METHOD_MATCH = YES;
				CODE_SIGN_IDENTITY = "-";
				COPY_PHASE_STRIP = NO;
				DEBUG_INFORMATION_FORMAT = "dwarf-with-dsym";
				ENABLE_NS_ASSERTIONS = NO;
				ENABLE_STRICT_OBJC_MSGSEND = YES;
				GCC_C_LANGUAGE_STANDARD = gnu99;
				GCC_NO_COMMON_BLOCKS = YES;
				GCC_WARN_64_TO_32_BIT_CONVERSION = YES;
				GCC_WARN_ABOUT_RETURN_TYPE = YES_ERROR;
				GCC_WARN_UNDECLARED_SELECTOR = YES;
				GCC_WARN_UNINITIALIZED_AUTOS = YES_AGGRESSIVE;
				GCC_WARN_UNUSED_FUNCTION = YES;
				GCC_WARN_UNUSED_VARIABLE = YES;
				MACOSX_DEPLOYMENT_TARGET = 10.12;
				MTL_ENABLE_DEBUG_INFO = NO;
				SDKROOT = macosx;
				SWIFT_OPTIMIZATION_LEVEL = "-Owholemodule";
			};
			name = Release;
		};
		6556B1AA1EE063D400468A0A /* Debug */ = {
			isa = XCBuildConfiguration;
			buildSettings = {
				ASSETCATALOG_COMPILER_APPICON_NAME = AppIcon;
				COMBINE_HIDPI_IMAGES = YES;
				DEVELOPMENT_TEAM = 96XQ478DSL;
				INFOPLIST_FILE = Paste/Info.plist;
				LD_RUNPATH_SEARCH_PATHS = "$(inherited) @executable_path/../Frameworks";
				PRODUCT_BUNDLE_IDENTIFIER = com.danielrhammond.Paste;
				PRODUCT_NAME = "$(TARGET_NAME)";
				SWIFT_VERSION = 3.0;
			};
			name = Debug;
		};
		6556B1AB1EE063D400468A0A /* Release */ = {
			isa = XCBuildConfiguration;
			buildSettings = {
				ASSETCATALOG_COMPILER_APPICON_NAME = AppIcon;
				COMBINE_HIDPI_IMAGES = YES;
				DEVELOPMENT_TEAM = 96XQ478DSL;
				INFOPLIST_FILE = Paste/Info.plist;
				LD_RUNPATH_SEARCH_PATHS = "$(inherited) @executable_path/../Frameworks";
				PRODUCT_BUNDLE_IDENTIFIER = com.danielrhammond.Paste;
				PRODUCT_NAME = "$(TARGET_NAME)";
				SWIFT_VERSION = 3.0;
			};
			name = Release;
		};
/* End XCBuildConfiguration section */

/* Begin XCConfigurationList section */
		6556B1971EE063D400468A0A /* Build configuration list for PBXProject "Paste" */ = {
			isa = XCConfigurationList;
			buildConfigurations = (
				6556B1A71EE063D400468A0A /* Debug */,
				6556B1A81EE063D400468A0A /* Release */,
			);
			defaultConfigurationIsVisible = 0;
			defaultConfigurationName = Release;
		};
		6556B1A91EE063D400468A0A /* Build configuration list for PBXNativeTarget "Paste" */ = {
			isa = XCConfigurationList;
			buildConfigurations = (
				6556B1AA1EE063D400468A0A /* Debug */,
				6556B1AB1EE063D400468A0A /* Release */,
			);
			defaultConfigurationIsVisible = 0;
		};
/* End XCConfigurationList section */
	};
	rootObject = 6556B1941EE063D400468A0A /* Project object */;
}
